<?xml version="1.0" encoding="utf-8"?>
<Project ToolsVersion="4.0" xmlns="http://schemas.microsoft.com/developer/msbuild/2003">
  <ItemGroup>
    <Filter Include="소스 파일">
      <UniqueIdentifier>{4FC737F1-C7A5-4376-A066-2A32D752A2FF}</UniqueIdentifier>
      <Extensions>cpp;c;cc;cxx;c++;cppm;ixx;def;odl;idl;hpj;bat;asm;asmx</Extensions>
    </Filter>
    <Filter Include="리소스 파일">
      <UniqueIdentifier>{67DA6AB6-F800-4c08-8B7A-83BB121AAD01}</UniqueIdentifier>
      <Extensions>rc;ico;cur;bmp;dlg;rc2;rct;bin;rgs;gif;jpg;jpeg;jpe;resx;tiff;tif;png;wav;mfcribbon-ms</Extensions>
    </Filter>
    <Filter Include="소스 파일\99. Headers">
      <UniqueIdentifier>{1e523fcc-02de-4d75-bfb5-f4b62fdfe428}</UniqueIdentifier>
    </Filter>
    <Filter Include="소스 파일\01. Main">
      <UniqueIdentifier>{826de9ab-fb90-491e-9a6f-b5fe594e2a7d}</UniqueIdentifier>
    </Filter>
    <Filter Include="소스 파일\99. Headers\Others">
      <UniqueIdentifier>{be791f7d-a770-4e24-8df4-4c714f06bc0f}</UniqueIdentifier>
    </Filter>
    <Filter Include="소스 파일\98. Shaders">
      <UniqueIdentifier>{f2353f49-18c0-40f3-b088-7a9f754eae7f}</UniqueIdentifier>
    </Filter>
    <Filter Include="소스 파일\99. Headers\Utills">
      <UniqueIdentifier>{d628ac78-3dfa-4df1-a591-e4d620084a0f}</UniqueIdentifier>
    </Filter>
    <Filter Include="소스 파일\00. Engine">
      <UniqueIdentifier>{fc54a008-921b-4304-a5f6-61d6ab707585}</UniqueIdentifier>
    </Filter>
    <Filter Include="소스 파일\00. Engine\Pipeline">
      <UniqueIdentifier>{161ae53f-3f00-41fd-a49a-b2d65f8fcef4}</UniqueIdentifier>
    </Filter>
    <Filter Include="소스 파일\00. Engine\Pipeline\00. Geometry">
      <UniqueIdentifier>{75f8ad6a-714c-4c56-8762-0befe080e9de}</UniqueIdentifier>
    </Filter>
    <Filter Include="소스 파일\00. Engine\Pipeline\01. InputAssembler">
      <UniqueIdentifier>{a52af9bd-7f31-421b-91b2-44ab6ea2e676}</UniqueIdentifier>
    </Filter>
    <Filter Include="소스 파일\00. Engine\Pipeline\02. VertexShader">
      <UniqueIdentifier>{f5de15f9-9a1d-4db5-9f08-88c4a97e363a}</UniqueIdentifier>
    </Filter>
    <Filter Include="소스 파일\00. Engine\Pipeline\03. Rasterizer">
      <UniqueIdentifier>{31b11433-9d50-41c0-b651-4b09160e8d7d}</UniqueIdentifier>
    </Filter>
    <Filter Include="소스 파일\00. Engine\Pipeline\04. PixelShader">
      <UniqueIdentifier>{4bcbff8d-5f87-49a1-b190-729e53375e78}</UniqueIdentifier>
    </Filter>
    <Filter Include="소스 파일\00. Engine\Pipeline\05. OutputMerger">
      <UniqueIdentifier>{e970dfbc-e8b4-433e-9100-e9f5de55ad89}</UniqueIdentifier>
    </Filter>
  </ItemGroup>
  <ItemGroup>
    <ClInclude Include="GameCoding.h">
      <Filter>소스 파일\01. Main</Filter>
    </ClInclude>
    <ClInclude Include="targetver.h">
      <Filter>소스 파일\99. Headers\Others</Filter>
    </ClInclude>
    <ClInclude Include="framework.h">
      <Filter>소스 파일\99. Headers\Others</Filter>
    </ClInclude>
    <ClInclude Include="Resource.h">
      <Filter>소스 파일\99. Headers\Others</Filter>
    </ClInclude>
    <ClInclude Include="pch.h">
      <Filter>소스 파일\99. Headers</Filter>
    </ClInclude>
    <ClInclude Include="Values.h">
      <Filter>소스 파일\99. Headers</Filter>
    </ClInclude>
    <ClInclude Include="Struct.h">
      <Filter>소스 파일\99. Headers</Filter>
    </ClInclude>
    <ClInclude Include="Types.h">
      <Filter>소스 파일\99. Headers</Filter>
    </ClInclude>
    <ClInclude Include="Game.h">
      <Filter>소스 파일\01. Main</Filter>
    </ClInclude>
    <ClInclude Include="SimpleMath.h">
      <Filter>소스 파일\99. Headers\Utills</Filter>
    </ClInclude>
    <ClInclude Include="Graphics.h">
      <Filter>소스 파일\00. Engine\Pipeline</Filter>
    </ClInclude>
  </ItemGroup>
  <ItemGroup>
    <ResourceCompile Include="GameCoding.rc">
      <Filter>리소스 파일</Filter>
    </ResourceCompile>
  </ItemGroup>
  <ItemGroup>
    <Image Include="small.ico">
      <Filter>리소스 파일</Filter>
    </Image>
    <Image Include="GameCoding.ico">
      <Filter>리소스 파일</Filter>
    </Image>
  </ItemGroup>
  <ItemGroup>
    <ClCompile Include="GameCoding.cpp">
      <Filter>소스 파일\01. Main</Filter>
    </ClCompile>
    <ClCompile Include="pch.cpp">
      <Filter>소스 파일\99. Headers</Filter>
    </ClCompile>
    <ClCompile Include="Game.cpp">
      <Filter>소스 파일\01. Main</Filter>
    </ClCompile>
    <ClCompile Include="SimpleMath.cpp">
      <Filter>소스 파일\99. Headers\Utills</Filter>
    </ClCompile>
    <ClCompile Include="Graphics.cpp">
      <Filter>소스 파일\00. Engine\Pipeline</Filter>
    </ClCompile>
  </ItemGroup>
  <ItemGroup>
    <FxCompile Include="Default.hlsl">
      <Filter>소스 파일\98. Shaders</Filter>
    </FxCompile>
  </ItemGroup>
  <ItemGroup>
    <None Include="SimpleMath.inl">
      <Filter>소스 파일\99. Headers\Utills</Filter>
    </None>
  </ItemGroup>
</Project>